
Microsoft Visual Studio Solution File, Format Version 12.00
# Visual Studio Version 17
VisualStudioVersion = 17.10.35122.118
MinimumVisualStudioVersion = 10.0.40219.1
Project("{FAE04EC0-301F-11D3-BF4B-00C04F79EFBC}") = "apiCuentas", "apiCuentas\apiCuentas.csproj", "{EF9C03EA-B1A6-49B5-B8B2-91E97C267600}"
EndProject
Project("{FAE04EC0-301F-11D3-BF4B-00C04F79EFBC}") = "Servicios", "servicios\Servicios.csproj", "{5B49D110-8EC5-415A-81F9-220D4AEFDA1E}"
EndProject
Project("{FAE04EC0-301F-11D3-BF4B-00C04F79EFBC}") = "Repositorio", "Reposiorio\Repositorio.csproj", "{04C44608-2031-446F-89E9-6E3BEF9270D9}"
EndProject
Project("{FAE04EC0-301F-11D3-BF4B-00C04F79EFBC}") = "Entidades", "entidades\Entidades.csproj", "{F698522B-944C-499C-8A06-1D5D879759CF}"
EndProject
Global
	GlobalSection(SolutionConfigurationPlatforms) = preSolution
		Debug|Any CPU = Debug|Any CPU
		Release|Any CPU = Release|Any CPU
	EndGlobalSection
	GlobalSection(ProjectConfigurationPlatforms) = postSolution
		{EF9C03EA-B1A6-49B5-B8B2-91E97C267600}.Debug|Any CPU.ActiveCfg = Debug|Any CPU
		{EF9C03EA-B1A6-49B5-B8B2-91E97C267600}.Debug|Any CPU.Build.0 = Debug|Any CPU
		{EF9C03EA-B1A6-49B5-B8B2-91E97C267600}.Release|Any CPU.ActiveCfg = Release|Any CPU
		{EF9C03EA-B1A6-49B5-B8B2-91E97C267600}.Release|Any CPU.Build.0 = Release|Any CPU
		{5B49D110-8EC5-415A-81F9-220D4AEFDA1E}.Debug|Any CPU.ActiveCfg = Debug|Any CPU
		{5B49D110-8EC5-415A-81F9-220D4AEFDA1E}.Debug|Any CPU.Build.0 = Debug|Any CPU
		{5B49D110-8EC5-415A-81F9-220D4AEFDA1E}.Release|Any CPU.ActiveCfg = Release|Any CPU
		{5B49D110-8EC5-415A-81F9-220D4AEFDA1E}.Release|Any CPU.Build.0 = Release|Any CPU
		{04C44608-2031-446F-89E9-6E3BEF9270D9}.Debug|Any CPU.ActiveCfg = Debug|Any CPU
		{04C44608-2031-446F-89E9-6E3BEF9270D9}.Debug|Any CPU.Build.0 = Debug|Any CPU
		{04C44608-2031-446F-89E9-6E3BEF9270D9}.Release|Any CPU.ActiveCfg = Release|Any CPU
		{04C44608-2031-446F-89E9-6E3BEF9270D9}.Release|Any CPU.Build.0 = Release|Any CPU
		{F698522B-944C-499C-8A06-1D5D879759CF}.Debug|Any CPU.ActiveCfg = Debug|Any CPU
		{F698522B-944C-499C-8A06-1D5D879759CF}.Debug|Any CPU.Build.0 = Debug|Any CPU
		{F698522B-944C-499C-8A06-1D5D879759CF}.Release|Any CPU.ActiveCfg = Release|Any CPU
		{F698522B-944C-499C-8A06-1D5D879759CF}.Release|Any CPU.Build.0 = Release|Any CPU
	EndGlobalSection
	GlobalSection(SolutionProperties) = preSolution
		HideSolutionNode = FALSE
	EndGlobalSection
	GlobalSection(ExtensibilityGlobals) = postSolution
		SolutionGuid = {3310F700-9638-4AE2-86D8-47F9139A5411}
	EndGlobalSection
EndGlobal
